
Microsoft Visual Studio Solution File, Format Version 12.00
# Visual Studio Version 17
VisualStudioVersion = 17.4.32804.182
MinimumVisualStudioVersion = 10.0.40219.1
Project("{2150E333-8FDC-42A3-9474-1A3956D46DE8}") = "Mod", "Mod", "{29C76EF2-BEAD-49A2-BDAA-72F1B3FD94FA}"
EndProject
Project("{2150E333-8FDC-42A3-9474-1A3956D46DE8}") = "Launcher", "Launcher", "{CAF6F5F7-C2B8-4C8D-BEFA-21C555A3DAA7}"
EndProject
Project("{2150E333-8FDC-42A3-9474-1A3956D46DE8}") = "Documentation", "Documentation", "{A6EE3A7B-86FB-44DC-B33C-8D43774373DA}"
	ProjectSection(SolutionItems) = preProject
		docs\README.md = docs\README.md
	EndProjectSection
EndProject
Project("{2150E333-8FDC-42A3-9474-1A3956D46DE8}") = "Build", "Build", "{124A422C-C53A-4971-BD37-D18B7CD4E9DD}"
	ProjectSection(SolutionItems) = preProject
		src\Directory.Build.props = src\Directory.Build.props
		src\Directory.Build.targets = src\Directory.Build.targets
		gitupdate.bat = gitupdate.bat
		reallyRefresh.bat = reallyRefresh.bat
	EndProjectSection
EndProject
Project("{9A19103F-16F7-4668-BE54-9A1E7A4F7556}") = "AccessibilityTweaks", "src\AccessibilityTweaks\AccessibilityTweaks.csproj", "{604CC1D4-43D0-4BE3-B3AD-856C5A51F037}"
EndProject
Project("{2150E333-8FDC-42A3-9474-1A3956D46DE8}") = "Gantry", "Gantry", "{D4B42876-0CFC-47A8-9198-66BE654545D2}"
EndProject
Project("{9A19103F-16F7-4668-BE54-9A1E7A4F7556}") = "Gantry", "..\..\..\Gantry\src\Gantry\Gantry.csproj", "{0AF49EED-B18E-4575-BB9E-4FAE5A3490FA}"
EndProject
Project("{9A19103F-16F7-4668-BE54-9A1E7A4F7556}") = "ClientLauncher", "..\..\..\CoreClrLauncher\src\ClientLauncher\ClientLauncher.csproj", "{78EE6850-59AA-451F-B1E9-E4EB8E16F1AF}"
	ProjectSection(ProjectDependencies) = postProject
		{604CC1D4-43D0-4BE3-B3AD-856C5A51F037} = {604CC1D4-43D0-4BE3-B3AD-856C5A51F037}
	EndProjectSection
EndProject
Project("{9A19103F-16F7-4668-BE54-9A1E7A4F7556}") = "ServerLauncher", "..\..\..\CoreClrLauncher\src\ServerLauncher\ServerLauncher.csproj", "{2E9E18A8-229F-41ED-8F5B-43B6ACB1415B}"
	ProjectSection(ProjectDependencies) = postProject
		{604CC1D4-43D0-4BE3-B3AD-856C5A51F037} = {604CC1D4-43D0-4BE3-B3AD-856C5A51F037}
	EndProjectSection
EndProject
Global
	GlobalSection(SolutionConfigurationPlatforms) = preSolution
		Debug|Any CPU = Debug|Any CPU
		Launch Server|Any CPU = Launch Server|Any CPU
		Package|Any CPU = Package|Any CPU
		Release|Any CPU = Release|Any CPU
	EndGlobalSection
	GlobalSection(ProjectConfigurationPlatforms) = postSolution
		{604CC1D4-43D0-4BE3-B3AD-856C5A51F037}.Debug|Any CPU.ActiveCfg = Debug|Any CPU
		{604CC1D4-43D0-4BE3-B3AD-856C5A51F037}.Debug|Any CPU.Build.0 = Debug|Any CPU
		{604CC1D4-43D0-4BE3-B3AD-856C5A51F037}.Launch Server|Any CPU.ActiveCfg = Debug|Any CPU
		{604CC1D4-43D0-4BE3-B3AD-856C5A51F037}.Launch Server|Any CPU.Build.0 = Debug|Any CPU
		{604CC1D4-43D0-4BE3-B3AD-856C5A51F037}.Package|Any CPU.ActiveCfg = Package|Any CPU
		{604CC1D4-43D0-4BE3-B3AD-856C5A51F037}.Package|Any CPU.Build.0 = Package|Any CPU
		{604CC1D4-43D0-4BE3-B3AD-856C5A51F037}.Release|Any CPU.ActiveCfg = Release|Any CPU
		{604CC1D4-43D0-4BE3-B3AD-856C5A51F037}.Release|Any CPU.Build.0 = Release|Any CPU
		{0AF49EED-B18E-4575-BB9E-4FAE5A3490FA}.Debug|Any CPU.ActiveCfg = Debug|Any CPU
		{0AF49EED-B18E-4575-BB9E-4FAE5A3490FA}.Debug|Any CPU.Build.0 = Debug|Any CPU
		{0AF49EED-B18E-4575-BB9E-4FAE5A3490FA}.Launch Server|Any CPU.ActiveCfg = Debug|Any CPU
		{0AF49EED-B18E-4575-BB9E-4FAE5A3490FA}.Launch Server|Any CPU.Build.0 = Debug|Any CPU
		{0AF49EED-B18E-4575-BB9E-4FAE5A3490FA}.Package|Any CPU.ActiveCfg = Package|Any CPU
		{0AF49EED-B18E-4575-BB9E-4FAE5A3490FA}.Package|Any CPU.Build.0 = Package|Any CPU
		{0AF49EED-B18E-4575-BB9E-4FAE5A3490FA}.Release|Any CPU.ActiveCfg = Release|Any CPU
		{0AF49EED-B18E-4575-BB9E-4FAE5A3490FA}.Release|Any CPU.Build.0 = Release|Any CPU
		{78EE6850-59AA-451F-B1E9-E4EB8E16F1AF}.Debug|Any CPU.ActiveCfg = Debug|Any CPU
		{78EE6850-59AA-451F-B1E9-E4EB8E16F1AF}.Debug|Any CPU.Build.0 = Debug|Any CPU
		{78EE6850-59AA-451F-B1E9-E4EB8E16F1AF}.Launch Server|Any CPU.ActiveCfg = Debug|Any CPU
		{78EE6850-59AA-451F-B1E9-E4EB8E16F1AF}.Launch Server|Any CPU.Build.0 = Debug|Any CPU
		{78EE6850-59AA-451F-B1E9-E4EB8E16F1AF}.Package|Any CPU.ActiveCfg = Package|Any CPU
		{78EE6850-59AA-451F-B1E9-E4EB8E16F1AF}.Package|Any CPU.Build.0 = Package|Any CPU
		{78EE6850-59AA-451F-B1E9-E4EB8E16F1AF}.Release|Any CPU.ActiveCfg = Release|Any CPU
		{78EE6850-59AA-451F-B1E9-E4EB8E16F1AF}.Release|Any CPU.Build.0 = Release|Any CPU
		{2E9E18A8-229F-41ED-8F5B-43B6ACB1415B}.Debug|Any CPU.ActiveCfg = Debug|Any CPU
		{2E9E18A8-229F-41ED-8F5B-43B6ACB1415B}.Debug|Any CPU.Build.0 = Debug|Any CPU
		{2E9E18A8-229F-41ED-8F5B-43B6ACB1415B}.Launch Server|Any CPU.ActiveCfg = Debug|Any CPU
		{2E9E18A8-229F-41ED-8F5B-43B6ACB1415B}.Launch Server|Any CPU.Build.0 = Debug|Any CPU
		{2E9E18A8-229F-41ED-8F5B-43B6ACB1415B}.Package|Any CPU.ActiveCfg = Package|Any CPU
		{2E9E18A8-229F-41ED-8F5B-43B6ACB1415B}.Package|Any CPU.Build.0 = Package|Any CPU
		{2E9E18A8-229F-41ED-8F5B-43B6ACB1415B}.Release|Any CPU.ActiveCfg = Release|Any CPU
		{2E9E18A8-229F-41ED-8F5B-43B6ACB1415B}.Release|Any CPU.Build.0 = Release|Any CPU
	EndGlobalSection
	GlobalSection(SolutionProperties) = preSolution
		HideSolutionNode = FALSE
	EndGlobalSection
	GlobalSection(NestedProjects) = preSolution
		{124A422C-C53A-4971-BD37-D18B7CD4E9DD} = {29C76EF2-BEAD-49A2-BDAA-72F1B3FD94FA}
		{604CC1D4-43D0-4BE3-B3AD-856C5A51F037} = {29C76EF2-BEAD-49A2-BDAA-72F1B3FD94FA}
		{0AF49EED-B18E-4575-BB9E-4FAE5A3490FA} = {D4B42876-0CFC-47A8-9198-66BE654545D2}
		{78EE6850-59AA-451F-B1E9-E4EB8E16F1AF} = {CAF6F5F7-C2B8-4C8D-BEFA-21C555A3DAA7}
		{2E9E18A8-229F-41ED-8F5B-43B6ACB1415B} = {CAF6F5F7-C2B8-4C8D-BEFA-21C555A3DAA7}
	EndGlobalSection
	GlobalSection(ExtensibilityGlobals) = postSolution
		SolutionGuid = {17961E01-8E04-43D7-9947-7E0342352ADD}
	EndGlobalSection
EndGlobal
